// !$*UTF8*$!
{
	archiveVersion = 1;
	classes = {
	};
	objectVersion = 51;
	objects = {

/* Begin PBXBuildFile section */
		771B700622DA205D00132B5E /* uTorrent-320.png in Resources */ = {isa = PBXBuildFile; fileRef = 771B700522DA205D00132B5E /* uTorrent-320.png */; };
		7723A22624AF8F1B007629A0 /* SystemConfiguration.framework in Frameworks */ = {isa = PBXBuildFile; fileRef = 7723A22424AF8F1B007629A0 /* SystemConfiguration.framework */; };
		7729BDB122D8B34D00D02566 /* TorrentsViewModel.swift in Sources */ = {isa = PBXBuildFile; fileRef = 7729BDB022D8B34D00D02566 /* TorrentsViewModel.swift */; };
		7729BDB322D8B38300D02566 /* TorrentRowModel.swift in Sources */ = {isa = PBXBuildFile; fileRef = 7729BDB222D8B38300D02566 /* TorrentRowModel.swift */; };
		772CEA0622DDFC38000CD2BD /* FilesView.swift in Sources */ = {isa = PBXBuildFile; fileRef = 772CEA0522DDFC38000CD2BD /* FilesView.swift */; };
		772CEA0822DDFC41000CD2BD /* FilesViewModel.swift in Sources */ = {isa = PBXBuildFile; fileRef = 772CEA0722DDFC41000CD2BD /* FilesViewModel.swift */; };
		772CEA0A22DDFC47000CD2BD /* FileRow.swift in Sources */ = {isa = PBXBuildFile; fileRef = 772CEA0922DDFC47000CD2BD /* FileRow.swift */; };
		772CEA0C22DDFC4D000CD2BD /* FileRowModel.swift in Sources */ = {isa = PBXBuildFile; fileRef = 772CEA0B22DDFC4D000CD2BD /* FileRowModel.swift */; };
		773A410424AFB8F8002E75CD /* ListViewController.swift in Sources */ = {isa = PBXBuildFile; fileRef = 773A410324AFB8F8002E75CD /* ListViewController.swift */; };
		773A410524AFBF69002E75CD /* ListViewController.swift in Sources */ = {isa = PBXBuildFile; fileRef = 773A410324AFB8F8002E75CD /* ListViewController.swift */; };
		773A411624B37EED002E75CD /* UITableView+TypeSafe.swift in Sources */ = {isa = PBXBuildFile; fileRef = 773A411524B37EED002E75CD /* UITableView+TypeSafe.swift */; };
		773A411824B3805C002E75CD /* ListCell.swift in Sources */ = {isa = PBXBuildFile; fileRef = 773A411724B3805C002E75CD /* ListCell.swift */; };
		773A411A24B38087002E75CD /* ListViewModel.swift in Sources */ = {isa = PBXBuildFile; fileRef = 773A411924B38087002E75CD /* ListViewModel.swift */; };
		773A411C24B381B1002E75CD /* ViewModelConfigurable.swift in Sources */ = {isa = PBXBuildFile; fileRef = 773A411B24B381B1002E75CD /* ViewModelConfigurable.swift */; };
		773FF94E22C10278008D58E4 /* AppDelegate.swift in Sources */ = {isa = PBXBuildFile; fileRef = 773FF94D22C10278008D58E4 /* AppDelegate.swift */; };
		773FF95022C10278008D58E4 /* SceneDelegate.swift in Sources */ = {isa = PBXBuildFile; fileRef = 773FF94F22C10278008D58E4 /* SceneDelegate.swift */; };
		773FF95422C10279008D58E4 /* Assets.xcassets in Resources */ = {isa = PBXBuildFile; fileRef = 773FF95322C10279008D58E4 /* Assets.xcassets */; };
		773FF95A22C10279008D58E4 /* LaunchScreen.storyboard in Resources */ = {isa = PBXBuildFile; fileRef = 773FF95822C10279008D58E4 /* LaunchScreen.storyboard */; };
		774321AB24AA37EE00777C0A /* TorrentKit.h in Headers */ = {isa = PBXBuildFile; fileRef = 774321A924AA37EE00777C0A /* TorrentKit.h */; settings = {ATTRIBUTES = (Public, ); }; };
		774321AE24AA37EE00777C0A /* TorrentKit.framework in Frameworks */ = {isa = PBXBuildFile; fileRef = 774321A724AA37ED00777C0A /* TorrentKit.framework */; };
		774321B024AA37EE00777C0A /* TorrentKit.framework in Embed Frameworks */ = {isa = PBXBuildFile; fileRef = 774321A724AA37ED00777C0A /* TorrentKit.framework */; settings = {ATTRIBUTES = (CodeSignOnCopy, RemoveHeadersOnCopy, ); }; };
		774321C524AA495700777C0A /* NSData+Hex.m in Sources */ = {isa = PBXBuildFile; fileRef = 774321B424AA495600777C0A /* NSData+Hex.m */; };
		774321C624AA495700777C0A /* STTorrentManager.h in Headers */ = {isa = PBXBuildFile; fileRef = 774321B524AA495700777C0A /* STTorrentManager.h */; settings = {ATTRIBUTES = (Public, ); }; };
		774321C824AA495700777C0A /* STTorrentManager.mm in Sources */ = {isa = PBXBuildFile; fileRef = 774321B724AA495700777C0A /* STTorrentManager.mm */; };
		774321CA24AA495700777C0A /* STMagnetURI.h in Headers */ = {isa = PBXBuildFile; fileRef = 774321B924AA495700777C0A /* STMagnetURI.h */; settings = {ATTRIBUTES = (Public, ); }; };
		774321CB24AA495700777C0A /* STDownloadable.h in Headers */ = {isa = PBXBuildFile; fileRef = 774321BA24AA495700777C0A /* STDownloadable.h */; settings = {ATTRIBUTES = (Public, ); }; };
		774321CC24AA495700777C0A /* TorrentState.swift in Sources */ = {isa = PBXBuildFile; fileRef = 774321BB24AA495700777C0A /* TorrentState.swift */; };
		774321CD24AA495700777C0A /* STFileEntry.h in Headers */ = {isa = PBXBuildFile; fileRef = 774321BC24AA495700777C0A /* STFileEntry.h */; settings = {ATTRIBUTES = (Public, ); }; };
		774321CE24AA495700777C0A /* STTorrentFile.mm in Sources */ = {isa = PBXBuildFile; fileRef = 774321BD24AA495700777C0A /* STTorrentFile.mm */; };
		774321CF24AA495700777C0A /* STTorrent.h in Headers */ = {isa = PBXBuildFile; fileRef = 774321BE24AA495700777C0A /* STTorrent.h */; settings = {ATTRIBUTES = (Public, ); }; };
		774321D024AA495700777C0A /* STMagnetURI.mm in Sources */ = {isa = PBXBuildFile; fileRef = 774321BF24AA495700777C0A /* STMagnetURI.mm */; };
		774321D124AA495700777C0A /* STTorrent.m in Sources */ = {isa = PBXBuildFile; fileRef = 774321C024AA495700777C0A /* STTorrent.m */; };
		774321D224AA495700777C0A /* STFileEntry.m in Sources */ = {isa = PBXBuildFile; fileRef = 774321C124AA495700777C0A /* STFileEntry.m */; };
		774321D324AA495700777C0A /* NSData+Hex.h in Headers */ = {isa = PBXBuildFile; fileRef = 774321C224AA495700777C0A /* NSData+Hex.h */; settings = {ATTRIBUTES = (Private, ); }; };
		774321D424AA495700777C0A /* STTorrentState.h in Headers */ = {isa = PBXBuildFile; fileRef = 774321C324AA495700777C0A /* STTorrentState.h */; settings = {ATTRIBUTES = (Public, ); }; };
		774321D524AA495700777C0A /* STTorrentFile.h in Headers */ = {isa = PBXBuildFile; fileRef = 774321C424AA495700777C0A /* STTorrentFile.h */; settings = {ATTRIBUTES = (Public, ); }; };
		774321D624AA4A0E00777C0A /* File.swift in Sources */ = {isa = PBXBuildFile; fileRef = 774321B624AA495700777C0A /* File.swift */; };
		774321D724AA4A2300777C0A /* Torrent+Files.swift in Sources */ = {isa = PBXBuildFile; fileRef = 774321B824AA495700777C0A /* Torrent+Files.swift */; };
		774321D824AA4A4000777C0A /* libtorrent.a in Frameworks */ = {isa = PBXBuildFile; fileRef = 773FF97E22C10D06008D58E4 /* libtorrent.a */; };
		774321DE24AA4E1D00777C0A /* ubuntu-16.04.6-server-amd64.iso.torrent in Resources */ = {isa = PBXBuildFile; fileRef = 771B700F22DA247F00132B5E /* ubuntu-16.04.6-server-amd64.iso.torrent */; };
		774321DF24AA4E1D00777C0A /* ubuntu-18.04.2-live-server-amd64.iso.torrent in Resources */ = {isa = PBXBuildFile; fileRef = 771B700E22DA247F00132B5E /* ubuntu-18.04.2-live-server-amd64.iso.torrent */; };
		774321E024AA4E1D00777C0A /* ubuntu-19.04-live-server-amd64.iso.torrent in Resources */ = {isa = PBXBuildFile; fileRef = 771B701022DA247F00132B5E /* ubuntu-19.04-live-server-amd64.iso.torrent */; };
		774321E524AA5BBA00777C0A /* SearchView.swift in Sources */ = {isa = PBXBuildFile; fileRef = 774321E424AA5BBA00777C0A /* SearchView.swift */; };
		774321E724AA705A00777C0A /* SearchViewModel.swift in Sources */ = {isa = PBXBuildFile; fileRef = 774321E624AA705A00777C0A /* SearchViewModel.swift */; };
		774321E924AA9A0E00777C0A /* IMDBDataProvider.swift in Sources */ = {isa = PBXBuildFile; fileRef = 774321E824AA9A0E00777C0A /* IMDBDataProvider.swift */; };
		774321EB24AA9A7000777C0A /* EZTVDataProvider.swift in Sources */ = {isa = PBXBuildFile; fileRef = 774321EA24AA9A7000777C0A /* EZTVDataProvider.swift */; };
		774321ED24AB3C4600777C0A /* SearchBar.swift in Sources */ = {isa = PBXBuildFile; fileRef = 774321EC24AB3C4600777C0A /* SearchBar.swift */; };
		7748DC7824AE38EA00AC5095 /* MediaKit.h in Headers */ = {isa = PBXBuildFile; fileRef = 7748DC7624AE38EA00AC5095 /* MediaKit.h */; settings = {ATTRIBUTES = (Public, ); }; };
		7748DC7C24AE38EA00AC5095 /* MediaKit.framework in Embed Frameworks */ = {isa = PBXBuildFile; fileRef = 7748DC7424AE38EA00AC5095 /* MediaKit.framework */; settings = {ATTRIBUTES = (CodeSignOnCopy, RemoveHeadersOnCopy, ); }; };
		7748DC8124AE392100AC5095 /* VLCViewHost.swift in Sources */ = {isa = PBXBuildFile; fileRef = 77ED893224AD277900D499DD /* VLCViewHost.swift */; };
		7748DCA624AE3C0500AC5095 /* QLViewHost.swift in Sources */ = {isa = PBXBuildFile; fileRef = 77ED892324ACE20700D499DD /* QLViewHost.swift */; };
		7748DCA924AE3C9000AC5095 /* File+PreviewItem.swift in Sources */ = {isa = PBXBuildFile; fileRef = 7748DCA824AE3C9000AC5095 /* File+PreviewItem.swift */; };
		7748DCAB24AE4E1900AC5095 /* File+UTI.swift in Sources */ = {isa = PBXBuildFile; fileRef = 7748DCAA24AE4E1900AC5095 /* File+UTI.swift */; };
		7748DCB524AE702E00AC5095 /* AppDelegate.swift in Sources */ = {isa = PBXBuildFile; fileRef = 7748DCB424AE702E00AC5095 /* AppDelegate.swift */; };
		7748DCBF24AE703000AC5095 /* LaunchScreen.storyboard in Resources */ = {isa = PBXBuildFile; fileRef = 7748DCBD24AE703000AC5095 /* LaunchScreen.storyboard */; };
		7748DCC524AE70A000AC5095 /* AppCoordinator.swift in Sources */ = {isa = PBXBuildFile; fileRef = 77FC2AF322D896F100A544AA /* AppCoordinator.swift */; };
		7748DCC624AE70A900AC5095 /* Torrent+Files.swift in Sources */ = {isa = PBXBuildFile; fileRef = 774321B824AA495700777C0A /* Torrent+Files.swift */; };
		7748DCC724AE70A900AC5095 /* File.swift in Sources */ = {isa = PBXBuildFile; fileRef = 774321B624AA495700777C0A /* File.swift */; };
		7748DCC824AE70A900AC5095 /* File+PreviewItem.swift in Sources */ = {isa = PBXBuildFile; fileRef = 7748DCA824AE3C9000AC5095 /* File+PreviewItem.swift */; };
		7748DCC924AE70A900AC5095 /* File+UTI.swift in Sources */ = {isa = PBXBuildFile; fileRef = 7748DCAA24AE4E1900AC5095 /* File+UTI.swift */; };
		7748DCCA24AE70A900AC5095 /* IMDBDataProvider.swift in Sources */ = {isa = PBXBuildFile; fileRef = 774321E824AA9A0E00777C0A /* IMDBDataProvider.swift */; };
		7748DCCB24AE70A900AC5095 /* EZTVDataProvider.swift in Sources */ = {isa = PBXBuildFile; fileRef = 774321EA24AA9A7000777C0A /* EZTVDataProvider.swift */; };
		7748DCCD24AE70A900AC5095 /* SearchView.swift in Sources */ = {isa = PBXBuildFile; fileRef = 774321E424AA5BBA00777C0A /* SearchView.swift */; };
		7748DCCE24AE70A900AC5095 /* SearchViewModel.swift in Sources */ = {isa = PBXBuildFile; fileRef = 774321E624AA705A00777C0A /* SearchViewModel.swift */; };
		7748DCCF24AE70A900AC5095 /* SearchRow.swift in Sources */ = {isa = PBXBuildFile; fileRef = 77E4CA0724AB747500C21354 /* SearchRow.swift */; };
		7748DCD124AE70A900AC5095 /* TorrentsViewModel.swift in Sources */ = {isa = PBXBuildFile; fileRef = 7729BDB022D8B34D00D02566 /* TorrentsViewModel.swift */; };
		7748DCD324AE70A900AC5095 /* TorrentRowModel.swift in Sources */ = {isa = PBXBuildFile; fileRef = 7729BDB222D8B38300D02566 /* TorrentRowModel.swift */; };
		7748DCD424AE70A900AC5095 /* FilesView.swift in Sources */ = {isa = PBXBuildFile; fileRef = 772CEA0522DDFC38000CD2BD /* FilesView.swift */; };
		7748DCD524AE70A900AC5095 /* FilesViewModel.swift in Sources */ = {isa = PBXBuildFile; fileRef = 772CEA0722DDFC41000CD2BD /* FilesViewModel.swift */; };
		7748DCD624AE70A900AC5095 /* FileRow.swift in Sources */ = {isa = PBXBuildFile; fileRef = 772CEA0922DDFC47000CD2BD /* FileRow.swift */; };
		7748DCD724AE70A900AC5095 /* FileRowModel.swift in Sources */ = {isa = PBXBuildFile; fileRef = 772CEA0B22DDFC4D000CD2BD /* FileRowModel.swift */; };
		7748DCD924AE713500AC5095 /* MediaKit.framework in Frameworks */ = {isa = PBXBuildFile; fileRef = 7748DC7424AE38EA00AC5095 /* MediaKit.framework */; };
		7748DCDA24AE713500AC5095 /* MediaKit.framework in Embed Frameworks */ = {isa = PBXBuildFile; fileRef = 7748DC7424AE38EA00AC5095 /* MediaKit.framework */; settings = {ATTRIBUTES = (CodeSignOnCopy, RemoveHeadersOnCopy, ); }; };
		7748DCDD24AE713500AC5095 /* TorrentKit.framework in Frameworks */ = {isa = PBXBuildFile; fileRef = 774321A724AA37ED00777C0A /* TorrentKit.framework */; };
		7748DCDE24AE713500AC5095 /* TorrentKit.framework in Embed Frameworks */ = {isa = PBXBuildFile; fileRef = 774321A724AA37ED00777C0A /* TorrentKit.framework */; settings = {ATTRIBUTES = (CodeSignOnCopy, RemoveHeadersOnCopy, ); }; };
		7748DCE324AE728700AC5095 /* PreviewItem.swift in Sources */ = {isa = PBXBuildFile; fileRef = 7748DCE224AE728700AC5095 /* PreviewItem.swift */; };
		7748DCEC24AF768700AC5095 /* SearchBarTV.swift in Sources */ = {isa = PBXBuildFile; fileRef = 7748DCEB24AF768700AC5095 /* SearchBarTV.swift */; };
		777A0E4E24AF8D8C00713146 /* libxml2.tbd in Frameworks */ = {isa = PBXBuildFile; fileRef = 777A0E4D24AF8D8C00713146 /* libxml2.tbd */; };
		777A0E5024AF8D9300713146 /* libiconv.tbd in Frameworks */ = {isa = PBXBuildFile; fileRef = 777A0E4F24AF8D9300713146 /* libiconv.tbd */; };
		777A0E5224AF8D9A00713146 /* libc++.tbd in Frameworks */ = {isa = PBXBuildFile; fileRef = 777A0E5124AF8D9A00713146 /* libc++.tbd */; };
		777A0E5424AF8DA100713146 /* libbz2.tbd in Frameworks */ = {isa = PBXBuildFile; fileRef = 777A0E5324AF8DA000713146 /* libbz2.tbd */; };
		777A0E5624AF8DA700713146 /* VideoToolbox.framework in Frameworks */ = {isa = PBXBuildFile; fileRef = 777A0E5524AF8DA700713146 /* VideoToolbox.framework */; };
		777A0E5824AF8DAD00713146 /* Security.framework in Frameworks */ = {isa = PBXBuildFile; fileRef = 777A0E5724AF8DAD00713146 /* Security.framework */; };
		777A0E5A24AF8DB400713146 /* QuartzCore.framework in Frameworks */ = {isa = PBXBuildFile; fileRef = 777A0E5924AF8DB400713146 /* QuartzCore.framework */; };
		777A0E5C24AF8DBC00713146 /* OpenGLES.framework in Frameworks */ = {isa = PBXBuildFile; fileRef = 777A0E5B24AF8DBB00713146 /* OpenGLES.framework */; };
		777A0E5E24AF8DCB00713146 /* Foundation.framework in Frameworks */ = {isa = PBXBuildFile; fileRef = 777A0E5D24AF8DCB00713146 /* Foundation.framework */; };
		777A0E6024AF8DD300713146 /* CoreVideo.framework in Frameworks */ = {isa = PBXBuildFile; fileRef = 777A0E5F24AF8DD300713146 /* CoreVideo.framework */; };
		777A0E6224AF8DDA00713146 /* CoreText.framework in Frameworks */ = {isa = PBXBuildFile; fileRef = 777A0E6124AF8DDA00713146 /* CoreText.framework */; };
		777A0E6424AF8DE000713146 /* CoreMedia.framework in Frameworks */ = {isa = PBXBuildFile; fileRef = 777A0E6324AF8DE000713146 /* CoreMedia.framework */; };
		777A0E6624AF8DE800713146 /* CoreGraphics.framework in Frameworks */ = {isa = PBXBuildFile; fileRef = 777A0E6524AF8DE800713146 /* CoreGraphics.framework */; };
		777A0E6824AF8DEF00713146 /* CoreFoundation.framework in Frameworks */ = {isa = PBXBuildFile; fileRef = 777A0E6724AF8DEF00713146 /* CoreFoundation.framework */; };
		777A0E6A24AF8DF500713146 /* CFNetwork.framework in Frameworks */ = {isa = PBXBuildFile; fileRef = 777A0E6924AF8DF500713146 /* CFNetwork.framework */; };
		777A0E6C24AF8DFC00713146 /* AudioToolbox.framework in Frameworks */ = {isa = PBXBuildFile; fileRef = 777A0E6B24AF8DFC00713146 /* AudioToolbox.framework */; };
		777A0E6E24AF8E0200713146 /* AVFoundation.framework in Frameworks */ = {isa = PBXBuildFile; fileRef = 777A0E6D24AF8E0200713146 /* AVFoundation.framework */; };
		77E4CA0824AB747500C21354 /* SearchRow.swift in Sources */ = {isa = PBXBuildFile; fileRef = 77E4CA0724AB747500C21354 /* SearchRow.swift */; };
		77FC2AF422D896F100A544AA /* AppCoordinator.swift in Sources */ = {isa = PBXBuildFile; fileRef = 77FC2AF322D896F100A544AA /* AppCoordinator.swift */; };
/* End PBXBuildFile section */

/* Begin PBXContainerItemProxy section */
		773FF97D22C10D06008D58E4 /* PBXContainerItemProxy */ = {
			isa = PBXContainerItemProxy;
			containerPortal = 773FF97922C10D06008D58E4 /* libtorrent.xcodeproj */;
			proxyType = 2;
			remoteGlobalIDString = 77000C2E22C0CD470037DABD;
			remoteInfo = libtorrent;
		};
		774321AC24AA37EE00777C0A /* PBXContainerItemProxy */ = {
			isa = PBXContainerItemProxy;
			containerPortal = 773FF94222C10278008D58E4 /* Project object */;
			proxyType = 1;
			remoteGlobalIDString = 774321A624AA37ED00777C0A;
			remoteInfo = TorrentKit;
		};
		7748DC7924AE38EA00AC5095 /* PBXContainerItemProxy */ = {
			isa = PBXContainerItemProxy;
			containerPortal = 773FF94222C10278008D58E4 /* Project object */;
			proxyType = 1;
			remoteGlobalIDString = 7748DC7324AE38EA00AC5095;
			remoteInfo = MediaKit;
		};
		7748DCDB24AE713500AC5095 /* PBXContainerItemProxy */ = {
			isa = PBXContainerItemProxy;
			containerPortal = 773FF94222C10278008D58E4 /* Project object */;
			proxyType = 1;
			remoteGlobalIDString = 7748DC7324AE38EA00AC5095;
			remoteInfo = MediaKit;
		};
		7748DCDF24AE713500AC5095 /* PBXContainerItemProxy */ = {
			isa = PBXContainerItemProxy;
			containerPortal = 773FF94222C10278008D58E4 /* Project object */;
			proxyType = 1;
			remoteGlobalIDString = 774321A624AA37ED00777C0A;
			remoteInfo = TorrentKit;
		};
/* End PBXContainerItemProxy section */

/* Begin PBXCopyFilesBuildPhase section */
		774321AF24AA37EE00777C0A /* Embed Frameworks */ = {
			isa = PBXCopyFilesBuildPhase;
			buildActionMask = 2147483647;
			dstPath = "";
			dstSubfolderSpec = 10;
			files = (
				7748DC7C24AE38EA00AC5095 /* MediaKit.framework in Embed Frameworks */,
				774321B024AA37EE00777C0A /* TorrentKit.framework in Embed Frameworks */,
			);
			name = "Embed Frameworks";
			runOnlyForDeploymentPostprocessing = 0;
		};
		7748DCE124AE713500AC5095 /* Embed Frameworks */ = {
			isa = PBXCopyFilesBuildPhase;
			buildActionMask = 2147483647;
			dstPath = "";
			dstSubfolderSpec = 10;
			files = (
				7748DCDE24AE713500AC5095 /* TorrentKit.framework in Embed Frameworks */,
				7748DCDA24AE713500AC5095 /* MediaKit.framework in Embed Frameworks */,
			);
			name = "Embed Frameworks";
			runOnlyForDeploymentPostprocessing = 0;
		};
/* End PBXCopyFilesBuildPhase section */

/* Begin PBXFileReference section */
		7703512122DA513B00A9CC84 /* TorrentRow.swift */ = {isa = PBXFileReference; lastKnownFileType = sourcecode.swift; path = TorrentRow.swift; sourceTree = "<group>"; };
		771B700522DA205D00132B5E /* uTorrent-320.png */ = {isa = PBXFileReference; lastKnownFileType = image.png; path = "uTorrent-320.png"; sourceTree = "<group>"; };
		771B700E22DA247F00132B5E /* ubuntu-18.04.2-live-server-amd64.iso.torrent */ = {isa = PBXFileReference; lastKnownFileType = file; path = "ubuntu-18.04.2-live-server-amd64.iso.torrent"; sourceTree = "<group>"; };
		771B700F22DA247F00132B5E /* ubuntu-16.04.6-server-amd64.iso.torrent */ = {isa = PBXFileReference; lastKnownFileType = file; path = "ubuntu-16.04.6-server-amd64.iso.torrent"; sourceTree = "<group>"; };
		771B701022DA247F00132B5E /* ubuntu-19.04-live-server-amd64.iso.torrent */ = {isa = PBXFileReference; lastKnownFileType = file; path = "ubuntu-19.04-live-server-amd64.iso.torrent"; sourceTree = "<group>"; };
		7723A22424AF8F1B007629A0 /* SystemConfiguration.framework */ = {isa = PBXFileReference; lastKnownFileType = wrapper.framework; name = SystemConfiguration.framework; path = Platforms/MacOSX.platform/Developer/SDKs/MacOSX10.15.sdk/System/Library/Frameworks/SystemConfiguration.framework; sourceTree = DEVELOPER_DIR; };
		7729BDB022D8B34D00D02566 /* TorrentsViewModel.swift */ = {isa = PBXFileReference; lastKnownFileType = sourcecode.swift; path = TorrentsViewModel.swift; sourceTree = "<group>"; };
		7729BDB222D8B38300D02566 /* TorrentRowModel.swift */ = {isa = PBXFileReference; lastKnownFileType = sourcecode.swift; path = TorrentRowModel.swift; sourceTree = "<group>"; };
		772CEA0522DDFC38000CD2BD /* FilesView.swift */ = {isa = PBXFileReference; lastKnownFileType = sourcecode.swift; path = FilesView.swift; sourceTree = "<group>"; };
		772CEA0722DDFC41000CD2BD /* FilesViewModel.swift */ = {isa = PBXFileReference; lastKnownFileType = sourcecode.swift; path = FilesViewModel.swift; sourceTree = "<group>"; };
		772CEA0922DDFC47000CD2BD /* FileRow.swift */ = {isa = PBXFileReference; lastKnownFileType = sourcecode.swift; path = FileRow.swift; sourceTree = "<group>"; };
		772CEA0B22DDFC4D000CD2BD /* FileRowModel.swift */ = {isa = PBXFileReference; lastKnownFileType = sourcecode.swift; path = FileRowModel.swift; sourceTree = "<group>"; };
		773A410324AFB8F8002E75CD /* ListViewController.swift */ = {isa = PBXFileReference; lastKnownFileType = sourcecode.swift; path = ListViewController.swift; sourceTree = "<group>"; };
		773A411524B37EED002E75CD /* UITableView+TypeSafe.swift */ = {isa = PBXFileReference; lastKnownFileType = sourcecode.swift; path = "UITableView+TypeSafe.swift"; sourceTree = "<group>"; };
		773A411724B3805C002E75CD /* ListCell.swift */ = {isa = PBXFileReference; lastKnownFileType = sourcecode.swift; path = ListCell.swift; sourceTree = "<group>"; };
		773A411924B38087002E75CD /* ListViewModel.swift */ = {isa = PBXFileReference; lastKnownFileType = sourcecode.swift; path = ListViewModel.swift; sourceTree = "<group>"; };
		773A411B24B381B1002E75CD /* ViewModelConfigurable.swift */ = {isa = PBXFileReference; lastKnownFileType = sourcecode.swift; path = ViewModelConfigurable.swift; sourceTree = "<group>"; };
		773FF94A22C10278008D58E4 /* SwiftyTorrent.app */ = {isa = PBXFileReference; explicitFileType = wrapper.application; includeInIndex = 0; path = SwiftyTorrent.app; sourceTree = BUILT_PRODUCTS_DIR; };
		773FF94D22C10278008D58E4 /* AppDelegate.swift */ = {isa = PBXFileReference; lastKnownFileType = sourcecode.swift; path = AppDelegate.swift; sourceTree = "<group>"; };
		773FF94F22C10278008D58E4 /* SceneDelegate.swift */ = {isa = PBXFileReference; lastKnownFileType = sourcecode.swift; path = SceneDelegate.swift; sourceTree = "<group>"; };
		773FF95322C10279008D58E4 /* Assets.xcassets */ = {isa = PBXFileReference; lastKnownFileType = folder.assetcatalog; path = Assets.xcassets; sourceTree = "<group>"; };
		773FF95922C10279008D58E4 /* Base */ = {isa = PBXFileReference; lastKnownFileType = file.storyboard; name = Base; path = Base.lproj/LaunchScreen.storyboard; sourceTree = "<group>"; };
		773FF95B22C10279008D58E4 /* Info.plist */ = {isa = PBXFileReference; lastKnownFileType = text.plist.xml; path = Info.plist; sourceTree = "<group>"; };
		773FF97922C10D06008D58E4 /* libtorrent.xcodeproj */ = {isa = PBXFileReference; lastKnownFileType = "wrapper.pb-project"; name = libtorrent.xcodeproj; path = Thirdparties/libtorrent/Xcode/libtorrent.xcodeproj; sourceTree = "<group>"; };
		774321A724AA37ED00777C0A /* TorrentKit.framework */ = {isa = PBXFileReference; explicitFileType = wrapper.framework; includeInIndex = 0; path = TorrentKit.framework; sourceTree = BUILT_PRODUCTS_DIR; };
		774321A924AA37EE00777C0A /* TorrentKit.h */ = {isa = PBXFileReference; lastKnownFileType = sourcecode.c.h; path = TorrentKit.h; sourceTree = "<group>"; };
		774321AA24AA37EE00777C0A /* Info.plist */ = {isa = PBXFileReference; lastKnownFileType = text.plist.xml; path = Info.plist; sourceTree = "<group>"; };
		774321B424AA495600777C0A /* NSData+Hex.m */ = {isa = PBXFileReference; fileEncoding = 4; lastKnownFileType = sourcecode.c.objc; name = "NSData+Hex.m"; path = "../NSData+Hex.m"; sourceTree = "<group>"; };
		774321B524AA495700777C0A /* STTorrentManager.h */ = {isa = PBXFileReference; fileEncoding = 4; lastKnownFileType = sourcecode.c.h; name = STTorrentManager.h; path = ../STTorrentManager.h; sourceTree = "<group>"; };
		774321B624AA495700777C0A /* File.swift */ = {isa = PBXFileReference; fileEncoding = 4; lastKnownFileType = sourcecode.swift; path = File.swift; sourceTree = "<group>"; };
		774321B724AA495700777C0A /* STTorrentManager.mm */ = {isa = PBXFileReference; fileEncoding = 4; lastKnownFileType = sourcecode.cpp.objcpp; name = STTorrentManager.mm; path = ../STTorrentManager.mm; sourceTree = "<group>"; };
		774321B824AA495700777C0A /* Torrent+Files.swift */ = {isa = PBXFileReference; fileEncoding = 4; lastKnownFileType = sourcecode.swift; path = "Torrent+Files.swift"; sourceTree = "<group>"; };
		774321B924AA495700777C0A /* STMagnetURI.h */ = {isa = PBXFileReference; fileEncoding = 4; lastKnownFileType = sourcecode.c.h; name = STMagnetURI.h; path = ../STMagnetURI.h; sourceTree = "<group>"; };
		774321BA24AA495700777C0A /* STDownloadable.h */ = {isa = PBXFileReference; fileEncoding = 4; lastKnownFileType = sourcecode.c.h; name = STDownloadable.h; path = ../STDownloadable.h; sourceTree = "<group>"; };
		774321BB24AA495700777C0A /* TorrentState.swift */ = {isa = PBXFileReference; fileEncoding = 4; lastKnownFileType = sourcecode.swift; name = TorrentState.swift; path = ../TorrentState.swift; sourceTree = "<group>"; };
		774321BC24AA495700777C0A /* STFileEntry.h */ = {isa = PBXFileReference; fileEncoding = 4; lastKnownFileType = sourcecode.c.h; name = STFileEntry.h; path = ../STFileEntry.h; sourceTree = "<group>"; };
		774321BD24AA495700777C0A /* STTorrentFile.mm */ = {isa = PBXFileReference; fileEncoding = 4; lastKnownFileType = sourcecode.cpp.objcpp; name = STTorrentFile.mm; path = ../STTorrentFile.mm; sourceTree = "<group>"; };
		774321BE24AA495700777C0A /* STTorrent.h */ = {isa = PBXFileReference; fileEncoding = 4; lastKnownFileType = sourcecode.c.h; name = STTorrent.h; path = ../STTorrent.h; sourceTree = "<group>"; };
		774321BF24AA495700777C0A /* STMagnetURI.mm */ = {isa = PBXFileReference; fileEncoding = 4; lastKnownFileType = sourcecode.cpp.objcpp; name = STMagnetURI.mm; path = ../STMagnetURI.mm; sourceTree = "<group>"; };
		774321C024AA495700777C0A /* STTorrent.m */ = {isa = PBXFileReference; fileEncoding = 4; lastKnownFileType = sourcecode.c.objc; name = STTorrent.m; path = ../STTorrent.m; sourceTree = "<group>"; };
		774321C124AA495700777C0A /* STFileEntry.m */ = {isa = PBXFileReference; fileEncoding = 4; lastKnownFileType = sourcecode.c.objc; name = STFileEntry.m; path = ../STFileEntry.m; sourceTree = "<group>"; };
		774321C224AA495700777C0A /* NSData+Hex.h */ = {isa = PBXFileReference; fileEncoding = 4; lastKnownFileType = sourcecode.c.h; name = "NSData+Hex.h"; path = "../NSData+Hex.h"; sourceTree = "<group>"; };
		774321C324AA495700777C0A /* STTorrentState.h */ = {isa = PBXFileReference; fileEncoding = 4; lastKnownFileType = sourcecode.c.h; name = STTorrentState.h; path = ../STTorrentState.h; sourceTree = "<group>"; };
		774321C424AA495700777C0A /* STTorrentFile.h */ = {isa = PBXFileReference; fileEncoding = 4; lastKnownFileType = sourcecode.c.h; name = STTorrentFile.h; path = ../STTorrentFile.h; sourceTree = "<group>"; };
		774321E224AA58F600777C0A /* MainView.swift */ = {isa = PBXFileReference; lastKnownFileType = sourcecode.swift; path = MainView.swift; sourceTree = "<group>"; };
		774321E424AA5BBA00777C0A /* SearchView.swift */ = {isa = PBXFileReference; lastKnownFileType = sourcecode.swift; path = SearchView.swift; sourceTree = "<group>"; };
		774321E624AA705A00777C0A /* SearchViewModel.swift */ = {isa = PBXFileReference; lastKnownFileType = sourcecode.swift; path = SearchViewModel.swift; sourceTree = "<group>"; };
		774321E824AA9A0E00777C0A /* IMDBDataProvider.swift */ = {isa = PBXFileReference; lastKnownFileType = sourcecode.swift; path = IMDBDataProvider.swift; sourceTree = "<group>"; };
		774321EA24AA9A7000777C0A /* EZTVDataProvider.swift */ = {isa = PBXFileReference; lastKnownFileType = sourcecode.swift; path = EZTVDataProvider.swift; sourceTree = "<group>"; };
		774321EC24AB3C4600777C0A /* SearchBar.swift */ = {isa = PBXFileReference; lastKnownFileType = sourcecode.swift; path = SearchBar.swift; sourceTree = "<group>"; };
		7748DC7424AE38EA00AC5095 /* MediaKit.framework */ = {isa = PBXFileReference; explicitFileType = wrapper.framework; includeInIndex = 0; path = MediaKit.framework; sourceTree = BUILT_PRODUCTS_DIR; };
		7748DC7624AE38EA00AC5095 /* MediaKit.h */ = {isa = PBXFileReference; lastKnownFileType = sourcecode.c.h; path = MediaKit.h; sourceTree = "<group>"; };
		7748DC7724AE38EA00AC5095 /* Info.plist */ = {isa = PBXFileReference; lastKnownFileType = text.plist.xml; path = Info.plist; sourceTree = "<group>"; };
		7748DCA824AE3C9000AC5095 /* File+PreviewItem.swift */ = {isa = PBXFileReference; lastKnownFileType = sourcecode.swift; path = "File+PreviewItem.swift"; sourceTree = "<group>"; };
		7748DCAA24AE4E1900AC5095 /* File+UTI.swift */ = {isa = PBXFileReference; lastKnownFileType = sourcecode.swift; path = "File+UTI.swift"; sourceTree = "<group>"; };
		7748DCB224AE702E00AC5095 /* SwiftyTV.app */ = {isa = PBXFileReference; explicitFileType = wrapper.application; includeInIndex = 0; path = SwiftyTV.app; sourceTree = BUILT_PRODUCTS_DIR; };
		7748DCB424AE702E00AC5095 /* AppDelegate.swift */ = {isa = PBXFileReference; lastKnownFileType = sourcecode.swift; path = AppDelegate.swift; sourceTree = "<group>"; };
		7748DCBE24AE703000AC5095 /* Base */ = {isa = PBXFileReference; lastKnownFileType = file.storyboard; name = Base; path = Base.lproj/LaunchScreen.storyboard; sourceTree = "<group>"; };
		7748DCC024AE703000AC5095 /* Info.plist */ = {isa = PBXFileReference; lastKnownFileType = text.plist.xml; path = Info.plist; sourceTree = "<group>"; };
		7748DCE224AE728700AC5095 /* PreviewItem.swift */ = {isa = PBXFileReference; lastKnownFileType = sourcecode.swift; path = PreviewItem.swift; sourceTree = "<group>"; };
		7748DCE924AE7EF600AC5095 /* output.xcfilelist */ = {isa = PBXFileReference; lastKnownFileType = text.xcfilelist; path = output.xcfilelist; sourceTree = "<group>"; };
		7748DCEA24AE7EF600AC5095 /* input.xcfilelist */ = {isa = PBXFileReference; lastKnownFileType = text.xcfilelist; path = input.xcfilelist; sourceTree = "<group>"; };
		7748DCEB24AF768700AC5095 /* SearchBarTV.swift */ = {isa = PBXFileReference; lastKnownFileType = sourcecode.swift; path = SearchBarTV.swift; sourceTree = "<group>"; };
		776FD9F622C3B43800CD7CEB /* README.md */ = {isa = PBXFileReference; lastKnownFileType = net.daringfireball.markdown; path = README.md; sourceTree = "<group>"; };
		777A0E4D24AF8D8C00713146 /* libxml2.tbd */ = {isa = PBXFileReference; lastKnownFileType = "sourcecode.text-based-dylib-definition"; name = libxml2.tbd; path = Platforms/MacOSX.platform/Developer/SDKs/MacOSX10.15.sdk/usr/lib/libxml2.tbd; sourceTree = DEVELOPER_DIR; };
		777A0E4F24AF8D9300713146 /* libiconv.tbd */ = {isa = PBXFileReference; lastKnownFileType = "sourcecode.text-based-dylib-definition"; name = libiconv.tbd; path = Platforms/MacOSX.platform/Developer/SDKs/MacOSX10.15.sdk/usr/lib/libiconv.tbd; sourceTree = DEVELOPER_DIR; };
		777A0E5124AF8D9A00713146 /* libc++.tbd */ = {isa = PBXFileReference; lastKnownFileType = "sourcecode.text-based-dylib-definition"; name = "libc++.tbd"; path = "Platforms/MacOSX.platform/Developer/SDKs/MacOSX10.15.sdk/usr/lib/libc++.tbd"; sourceTree = DEVELOPER_DIR; };
		777A0E5324AF8DA000713146 /* libbz2.tbd */ = {isa = PBXFileReference; lastKnownFileType = "sourcecode.text-based-dylib-definition"; name = libbz2.tbd; path = Platforms/MacOSX.platform/Developer/SDKs/MacOSX10.15.sdk/usr/lib/libbz2.tbd; sourceTree = DEVELOPER_DIR; };
		777A0E5524AF8DA700713146 /* VideoToolbox.framework */ = {isa = PBXFileReference; lastKnownFileType = wrapper.framework; name = VideoToolbox.framework; path = Platforms/MacOSX.platform/Developer/SDKs/MacOSX10.15.sdk/System/Library/Frameworks/VideoToolbox.framework; sourceTree = DEVELOPER_DIR; };
		777A0E5724AF8DAD00713146 /* Security.framework */ = {isa = PBXFileReference; lastKnownFileType = wrapper.framework; name = Security.framework; path = Platforms/MacOSX.platform/Developer/SDKs/MacOSX10.15.sdk/System/Library/Frameworks/Security.framework; sourceTree = DEVELOPER_DIR; };
		777A0E5924AF8DB400713146 /* QuartzCore.framework */ = {isa = PBXFileReference; lastKnownFileType = wrapper.framework; name = QuartzCore.framework; path = Platforms/MacOSX.platform/Developer/SDKs/MacOSX10.15.sdk/System/Library/Frameworks/QuartzCore.framework; sourceTree = DEVELOPER_DIR; };
		777A0E5B24AF8DBB00713146 /* OpenGLES.framework */ = {isa = PBXFileReference; lastKnownFileType = wrapper.framework; name = OpenGLES.framework; path = System/Library/Frameworks/OpenGLES.framework; sourceTree = SDKROOT; };
		777A0E5D24AF8DCB00713146 /* Foundation.framework */ = {isa = PBXFileReference; lastKnownFileType = wrapper.framework; name = Foundation.framework; path = Platforms/MacOSX.platform/Developer/SDKs/MacOSX10.15.sdk/System/Library/Frameworks/Foundation.framework; sourceTree = DEVELOPER_DIR; };
		777A0E5F24AF8DD300713146 /* CoreVideo.framework */ = {isa = PBXFileReference; lastKnownFileType = wrapper.framework; name = CoreVideo.framework; path = Platforms/MacOSX.platform/Developer/SDKs/MacOSX10.15.sdk/System/Library/Frameworks/CoreVideo.framework; sourceTree = DEVELOPER_DIR; };
		777A0E6124AF8DDA00713146 /* CoreText.framework */ = {isa = PBXFileReference; lastKnownFileType = wrapper.framework; name = CoreText.framework; path = Platforms/MacOSX.platform/Developer/SDKs/MacOSX10.15.sdk/System/Library/Frameworks/CoreText.framework; sourceTree = DEVELOPER_DIR; };
		777A0E6324AF8DE000713146 /* CoreMedia.framework */ = {isa = PBXFileReference; lastKnownFileType = wrapper.framework; name = CoreMedia.framework; path = Platforms/MacOSX.platform/Developer/SDKs/MacOSX10.15.sdk/System/Library/Frameworks/CoreMedia.framework; sourceTree = DEVELOPER_DIR; };
		777A0E6524AF8DE800713146 /* CoreGraphics.framework */ = {isa = PBXFileReference; lastKnownFileType = wrapper.framework; name = CoreGraphics.framework; path = Platforms/MacOSX.platform/Developer/SDKs/MacOSX10.15.sdk/System/Library/Frameworks/CoreGraphics.framework; sourceTree = DEVELOPER_DIR; };
		777A0E6724AF8DEF00713146 /* CoreFoundation.framework */ = {isa = PBXFileReference; lastKnownFileType = wrapper.framework; name = CoreFoundation.framework; path = Platforms/MacOSX.platform/Developer/SDKs/MacOSX10.15.sdk/System/Library/Frameworks/CoreFoundation.framework; sourceTree = DEVELOPER_DIR; };
		777A0E6924AF8DF500713146 /* CFNetwork.framework */ = {isa = PBXFileReference; lastKnownFileType = wrapper.framework; name = CFNetwork.framework; path = Platforms/MacOSX.platform/Developer/SDKs/MacOSX10.15.sdk/System/Library/Frameworks/CFNetwork.framework; sourceTree = DEVELOPER_DIR; };
		777A0E6B24AF8DFC00713146 /* AudioToolbox.framework */ = {isa = PBXFileReference; lastKnownFileType = wrapper.framework; name = AudioToolbox.framework; path = Platforms/MacOSX.platform/Developer/SDKs/MacOSX10.15.sdk/System/Library/Frameworks/AudioToolbox.framework; sourceTree = DEVELOPER_DIR; };
		777A0E6D24AF8E0200713146 /* AVFoundation.framework */ = {isa = PBXFileReference; lastKnownFileType = wrapper.framework; name = AVFoundation.framework; path = Platforms/MacOSX.platform/Developer/SDKs/MacOSX10.15.sdk/System/Library/Frameworks/AVFoundation.framework; sourceTree = DEVELOPER_DIR; };
		77D8122422CA336A001CA13E /* TorrentsView.swift */ = {isa = PBXFileReference; fileEncoding = 4; lastKnownFileType = sourcecode.swift; path = TorrentsView.swift; sourceTree = "<group>"; };
		77E4CA0724AB747500C21354 /* SearchRow.swift */ = {isa = PBXFileReference; lastKnownFileType = sourcecode.swift; path = SearchRow.swift; sourceTree = "<group>"; };
		77ED892324ACE20700D499DD /* QLViewHost.swift */ = {isa = PBXFileReference; lastKnownFileType = sourcecode.swift; path = QLViewHost.swift; sourceTree = "<group>"; };
		77ED893224AD277900D499DD /* VLCViewHost.swift */ = {isa = PBXFileReference; lastKnownFileType = sourcecode.swift; path = VLCViewHost.swift; sourceTree = "<group>"; };
		77FC2AF322D896F100A544AA /* AppCoordinator.swift */ = {isa = PBXFileReference; lastKnownFileType = sourcecode.swift; path = AppCoordinator.swift; sourceTree = "<group>"; };
/* End PBXFileReference section */

/* Begin PBXFrameworksBuildPhase section */
		773FF94722C10278008D58E4 /* Frameworks */ = {
			isa = PBXFrameworksBuildPhase;
			buildActionMask = 2147483647;
			files = (
				774321AE24AA37EE00777C0A /* TorrentKit.framework in Frameworks */,
			);
			runOnlyForDeploymentPostprocessing = 0;
		};
		774321A424AA37ED00777C0A /* Frameworks */ = {
			isa = PBXFrameworksBuildPhase;
			buildActionMask = 2147483647;
			files = (
				7723A22624AF8F1B007629A0 /* SystemConfiguration.framework in Frameworks */,
				774321D824AA4A4000777C0A /* libtorrent.a in Frameworks */,
			);
			runOnlyForDeploymentPostprocessing = 0;
		};
		7748DC7124AE38EA00AC5095 /* Frameworks */ = {
			isa = PBXFrameworksBuildPhase;
			buildActionMask = 2147483647;
			files = (
				777A0E6E24AF8E0200713146 /* AVFoundation.framework in Frameworks */,
				777A0E6C24AF8DFC00713146 /* AudioToolbox.framework in Frameworks */,
				777A0E6A24AF8DF500713146 /* CFNetwork.framework in Frameworks */,
				777A0E6824AF8DEF00713146 /* CoreFoundation.framework in Frameworks */,
				777A0E6624AF8DE800713146 /* CoreGraphics.framework in Frameworks */,
				777A0E6424AF8DE000713146 /* CoreMedia.framework in Frameworks */,
				777A0E6224AF8DDA00713146 /* CoreText.framework in Frameworks */,
				777A0E6024AF8DD300713146 /* CoreVideo.framework in Frameworks */,
				777A0E5E24AF8DCB00713146 /* Foundation.framework in Frameworks */,
				777A0E5C24AF8DBC00713146 /* OpenGLES.framework in Frameworks */,
				777A0E5A24AF8DB400713146 /* QuartzCore.framework in Frameworks */,
				777A0E5824AF8DAD00713146 /* Security.framework in Frameworks */,
				777A0E5624AF8DA700713146 /* VideoToolbox.framework in Frameworks */,
				777A0E5424AF8DA100713146 /* libbz2.tbd in Frameworks */,
				777A0E5224AF8D9A00713146 /* libc++.tbd in Frameworks */,
				777A0E5024AF8D9300713146 /* libiconv.tbd in Frameworks */,
				777A0E4E24AF8D8C00713146 /* libxml2.tbd in Frameworks */,
			);
			runOnlyForDeploymentPostprocessing = 0;
		};
		7748DCAF24AE702E00AC5095 /* Frameworks */ = {
			isa = PBXFrameworksBuildPhase;
			buildActionMask = 2147483647;
			files = (
				7748DCDD24AE713500AC5095 /* TorrentKit.framework in Frameworks */,
				7748DCD924AE713500AC5095 /* MediaKit.framework in Frameworks */,
			);
			runOnlyForDeploymentPostprocessing = 0;
		};
/* End PBXFrameworksBuildPhase section */

/* Begin PBXGroup section */
		771B700722DA23BA00132B5E /* torrents */ = {
			isa = PBXGroup;
			children = (
				771B700F22DA247F00132B5E /* ubuntu-16.04.6-server-amd64.iso.torrent */,
				771B700E22DA247F00132B5E /* ubuntu-18.04.2-live-server-amd64.iso.torrent */,
				771B701022DA247F00132B5E /* ubuntu-19.04-live-server-amd64.iso.torrent */,
			);
			path = torrents;
			sourceTree = "<group>";
		};
		7723376322DB9331008ECD5F /* Core */ = {
			isa = PBXGroup;
			children = (
				773FF94D22C10278008D58E4 /* AppDelegate.swift */,
				773FF94F22C10278008D58E4 /* SceneDelegate.swift */,
				77FC2AF322D896F100A544AA /* AppCoordinator.swift */,
			);
			path = Core;
			sourceTree = "<group>";
		};
		773A410124AF9462002E75CD /* Resources */ = {
			isa = PBXGroup;
			children = (
				7748DCBD24AE703000AC5095 /* LaunchScreen.storyboard */,
			);
			path = Resources;
			sourceTree = "<group>";
		};
		773FF94122C10278008D58E4 = {
			isa = PBXGroup;
			children = (
				776FD9F622C3B43800CD7CEB /* README.md */,
				773FF97922C10D06008D58E4 /* libtorrent.xcodeproj */,
				774321A824AA37EE00777C0A /* TorrentKit */,
				7748DC7524AE38EA00AC5095 /* MediaKit */,
				773FF94C22C10278008D58E4 /* SwiftyTorrent */,
				7748DCB324AE702E00AC5095 /* SwiftyTV */,
				773FF94B22C10278008D58E4 /* Products */,
				773FF96722C105CE008D58E4 /* Frameworks */,
			);
			sourceTree = "<group>";
		};
		773FF94B22C10278008D58E4 /* Products */ = {
			isa = PBXGroup;
			children = (
				773FF94A22C10278008D58E4 /* SwiftyTorrent.app */,
				774321A724AA37ED00777C0A /* TorrentKit.framework */,
				7748DC7424AE38EA00AC5095 /* MediaKit.framework */,
				7748DCB224AE702E00AC5095 /* SwiftyTV.app */,
			);
			name = Products;
			sourceTree = "<group>";
		};
		773FF94C22C10278008D58E4 /* SwiftyTorrent */ = {
			isa = PBXGroup;
			children = (
				7723376322DB9331008ECD5F /* Core */,
				774321EE24AB43E500777C0A /* Models */,
				77D8122322CA336A001CA13E /* UI */,
				773FF97222C10B22008D58E4 /* Resources */,
				773FF95B22C10279008D58E4 /* Info.plist */,
			);
			path = SwiftyTorrent;
			sourceTree = "<group>";
		};
		773FF96722C105CE008D58E4 /* Frameworks */ = {
			isa = PBXGroup;
			children = (
				7723A22424AF8F1B007629A0 /* SystemConfiguration.framework */,
				777A0E6D24AF8E0200713146 /* AVFoundation.framework */,
				777A0E6B24AF8DFC00713146 /* AudioToolbox.framework */,
				777A0E6924AF8DF500713146 /* CFNetwork.framework */,
				777A0E6724AF8DEF00713146 /* CoreFoundation.framework */,
				777A0E6524AF8DE800713146 /* CoreGraphics.framework */,
				777A0E6324AF8DE000713146 /* CoreMedia.framework */,
				777A0E6124AF8DDA00713146 /* CoreText.framework */,
				777A0E5F24AF8DD300713146 /* CoreVideo.framework */,
				777A0E5D24AF8DCB00713146 /* Foundation.framework */,
				777A0E5B24AF8DBB00713146 /* OpenGLES.framework */,
				777A0E5924AF8DB400713146 /* QuartzCore.framework */,
				777A0E5724AF8DAD00713146 /* Security.framework */,
				777A0E5524AF8DA700713146 /* VideoToolbox.framework */,
				777A0E5324AF8DA000713146 /* libbz2.tbd */,
				777A0E5124AF8D9A00713146 /* libc++.tbd */,
				777A0E4F24AF8D9300713146 /* libiconv.tbd */,
				777A0E4D24AF8D8C00713146 /* libxml2.tbd */,
			);
			name = Frameworks;
			sourceTree = "<group>";
		};
		773FF97222C10B22008D58E4 /* Resources */ = {
			isa = PBXGroup;
			children = (
				773FF95322C10279008D58E4 /* Assets.xcassets */,
				774321E124AA516B00777C0A /* Icons */,
				773FF95822C10279008D58E4 /* LaunchScreen.storyboard */,
			);
			path = Resources;
			sourceTree = "<group>";
		};
		773FF97A22C10D06008D58E4 /* Products */ = {
			isa = PBXGroup;
			children = (
				773FF97E22C10D06008D58E4 /* libtorrent.a */,
			);
			name = Products;
			sourceTree = "<group>";
		};
		774321A824AA37EE00777C0A /* TorrentKit */ = {
			isa = PBXGroup;
			children = (
				774321A924AA37EE00777C0A /* TorrentKit.h */,
				774321D924AA4A7900777C0A /* Utils */,
				774321DA24AA4A9000777C0A /* Torrent */,
				774321AA24AA37EE00777C0A /* Info.plist */,
				774321DD24AA4C5F00777C0A /* Resources */,
			);
			path = TorrentKit;
			sourceTree = "<group>";
		};
		774321D924AA4A7900777C0A /* Utils */ = {
			isa = PBXGroup;
			children = (
				774321C224AA495700777C0A /* NSData+Hex.h */,
				774321B424AA495600777C0A /* NSData+Hex.m */,
			);
			path = Utils;
			sourceTree = "<group>";
		};
		774321DA24AA4A9000777C0A /* Torrent */ = {
			isa = PBXGroup;
			children = (
				774321B524AA495700777C0A /* STTorrentManager.h */,
				774321B724AA495700777C0A /* STTorrentManager.mm */,
				774321BE24AA495700777C0A /* STTorrent.h */,
				774321C024AA495700777C0A /* STTorrent.m */,
				774321C324AA495700777C0A /* STTorrentState.h */,
				774321BB24AA495700777C0A /* TorrentState.swift */,
				774321BA24AA495700777C0A /* STDownloadable.h */,
				774321C424AA495700777C0A /* STTorrentFile.h */,
				774321BD24AA495700777C0A /* STTorrentFile.mm */,
				774321B924AA495700777C0A /* STMagnetURI.h */,
				774321BF24AA495700777C0A /* STMagnetURI.mm */,
				774321BC24AA495700777C0A /* STFileEntry.h */,
				774321C124AA495700777C0A /* STFileEntry.m */,
			);
			path = Torrent;
			sourceTree = "<group>";
		};
		774321DD24AA4C5F00777C0A /* Resources */ = {
			isa = PBXGroup;
			children = (
				771B700722DA23BA00132B5E /* torrents */,
			);
			path = Resources;
			sourceTree = "<group>";
		};
		774321E124AA516B00777C0A /* Icons */ = {
			isa = PBXGroup;
			children = (
				771B700522DA205D00132B5E /* uTorrent-320.png */,
			);
			path = Icons;
			sourceTree = "<group>";
		};
		774321EE24AB43E500777C0A /* Models */ = {
			isa = PBXGroup;
			children = (
				774321B824AA495700777C0A /* Torrent+Files.swift */,
				774321B624AA495700777C0A /* File.swift */,
				7748DCA824AE3C9000AC5095 /* File+PreviewItem.swift */,
				7748DCAA24AE4E1900AC5095 /* File+UTI.swift */,
				774321E824AA9A0E00777C0A /* IMDBDataProvider.swift */,
				774321EA24AA9A7000777C0A /* EZTVDataProvider.swift */,
			);
			path = Models;
			sourceTree = "<group>";
		};
		7748DC7524AE38EA00AC5095 /* MediaKit */ = {
			isa = PBXGroup;
			children = (
				7748DCEA24AE7EF600AC5095 /* input.xcfilelist */,
				7748DCE924AE7EF600AC5095 /* output.xcfilelist */,
				7748DC7624AE38EA00AC5095 /* MediaKit.h */,
				7748DCE224AE728700AC5095 /* PreviewItem.swift */,
				7748DCA724AE3C0800AC5095 /* QuickLook */,
				7748DC8224AE392800AC5095 /* VLC */,
				7748DC7724AE38EA00AC5095 /* Info.plist */,
			);
			path = MediaKit;
			sourceTree = "<group>";
		};
		7748DC8224AE392800AC5095 /* VLC */ = {
			isa = PBXGroup;
			children = (
				77ED893224AD277900D499DD /* VLCViewHost.swift */,
			);
			path = VLC;
			sourceTree = "<group>";
		};
		7748DCA724AE3C0800AC5095 /* QuickLook */ = {
			isa = PBXGroup;
			children = (
				77ED892324ACE20700D499DD /* QLViewHost.swift */,
			);
			path = QuickLook;
			sourceTree = "<group>";
		};
		7748DCB324AE702E00AC5095 /* SwiftyTV */ = {
			isa = PBXGroup;
			children = (
				7748DCB424AE702E00AC5095 /* AppDelegate.swift */,
				7748DCEB24AF768700AC5095 /* SearchBarTV.swift */,
				773A410124AF9462002E75CD /* Resources */,
				7748DCC024AE703000AC5095 /* Info.plist */,
			);
			path = SwiftyTV;
			sourceTree = "<group>";
		};
		77D8122322CA336A001CA13E /* UI */ = {
			isa = PBXGroup;
			children = (
				773A411B24B381B1002E75CD /* ViewModelConfigurable.swift */,
				773A411524B37EED002E75CD /* UITableView+TypeSafe.swift */,
				773A411924B38087002E75CD /* ListViewModel.swift */,
				773A410324AFB8F8002E75CD /* ListViewController.swift */,
				773A411724B3805C002E75CD /* ListCell.swift */,
				774321E224AA58F600777C0A /* MainView.swift */,
				774321E424AA5BBA00777C0A /* SearchView.swift */,
				774321E624AA705A00777C0A /* SearchViewModel.swift */,
				77E4CA0724AB747500C21354 /* SearchRow.swift */,
				77D8122422CA336A001CA13E /* TorrentsView.swift */,
				7729BDB022D8B34D00D02566 /* TorrentsViewModel.swift */,
				7703512122DA513B00A9CC84 /* TorrentRow.swift */,
				7729BDB222D8B38300D02566 /* TorrentRowModel.swift */,
				772CEA0522DDFC38000CD2BD /* FilesView.swift */,
				772CEA0722DDFC41000CD2BD /* FilesViewModel.swift */,
				772CEA0922DDFC47000CD2BD /* FileRow.swift */,
				772CEA0B22DDFC4D000CD2BD /* FileRowModel.swift */,
				774321EC24AB3C4600777C0A /* SearchBar.swift */,
			);
			path = UI;
			sourceTree = "<group>";
		};
/* End PBXGroup section */

/* Begin PBXHeadersBuildPhase section */
		774321A224AA37ED00777C0A /* Headers */ = {
			isa = PBXHeadersBuildPhase;
			buildActionMask = 2147483647;
			files = (
				774321CF24AA495700777C0A /* STTorrent.h in Headers */,
				774321D524AA495700777C0A /* STTorrentFile.h in Headers */,
				774321CD24AA495700777C0A /* STFileEntry.h in Headers */,
				774321C624AA495700777C0A /* STTorrentManager.h in Headers */,
				774321CB24AA495700777C0A /* STDownloadable.h in Headers */,
				774321D424AA495700777C0A /* STTorrentState.h in Headers */,
				774321CA24AA495700777C0A /* STMagnetURI.h in Headers */,
				774321AB24AA37EE00777C0A /* TorrentKit.h in Headers */,
				774321D324AA495700777C0A /* NSData+Hex.h in Headers */,
			);
			runOnlyForDeploymentPostprocessing = 0;
		};
		7748DC6F24AE38EA00AC5095 /* Headers */ = {
			isa = PBXHeadersBuildPhase;
			buildActionMask = 2147483647;
			files = (
				7748DC7824AE38EA00AC5095 /* MediaKit.h in Headers */,
			);
			runOnlyForDeploymentPostprocessing = 0;
		};
/* End PBXHeadersBuildPhase section */

/* Begin PBXNativeTarget section */
		773FF94922C10278008D58E4 /* SwiftyTorrent */ = {
			isa = PBXNativeTarget;
			buildConfigurationList = 773FF95E22C10279008D58E4 /* Build configuration list for PBXNativeTarget "SwiftyTorrent" */;
			buildPhases = (
				4D28A55B245D8DF200CBDC78 /* Run SwiftLint */,
				773FF94622C10278008D58E4 /* Sources */,
				773FF94722C10278008D58E4 /* Frameworks */,
				773FF94822C10278008D58E4 /* Resources */,
				774321AF24AA37EE00777C0A /* Embed Frameworks */,
			);
			buildRules = (
			);
			dependencies = (
				774321AD24AA37EE00777C0A /* PBXTargetDependency */,
				7748DC7A24AE38EA00AC5095 /* PBXTargetDependency */,
			);
			name = SwiftyTorrent;
			packageProductDependencies = (
			);
			productName = SwiftyTorrent;
			productReference = 773FF94A22C10278008D58E4 /* SwiftyTorrent.app */;
			productType = "com.apple.product-type.application";
		};
		774321A624AA37ED00777C0A /* TorrentKit */ = {
			isa = PBXNativeTarget;
			buildConfigurationList = 774321B324AA37EE00777C0A /* Build configuration list for PBXNativeTarget "TorrentKit" */;
			buildPhases = (
				774321A224AA37ED00777C0A /* Headers */,
				774321A324AA37ED00777C0A /* Sources */,
				774321A424AA37ED00777C0A /* Frameworks */,
				774321A524AA37ED00777C0A /* Resources */,
			);
			buildRules = (
			);
			dependencies = (
			);
			name = TorrentKit;
			productName = TorrentKit;
			productReference = 774321A724AA37ED00777C0A /* TorrentKit.framework */;
			productType = "com.apple.product-type.framework";
		};
		7748DC7324AE38EA00AC5095 /* MediaKit */ = {
			isa = PBXNativeTarget;
			buildConfigurationList = 7748DC8024AE38EA00AC5095 /* Build configuration list for PBXNativeTarget "MediaKit" */;
			buildPhases = (
				7748DC6F24AE38EA00AC5095 /* Headers */,
				7748DC7024AE38EA00AC5095 /* Sources */,
				7748DC7124AE38EA00AC5095 /* Frameworks */,
				7748DC7224AE38EA00AC5095 /* Resources */,
				7748DC8424AE3A4500AC5095 /* Carthage */,
			);
			buildRules = (
			);
			dependencies = (
			);
			name = MediaKit;
			productName = MediaKit;
			productReference = 7748DC7424AE38EA00AC5095 /* MediaKit.framework */;
			productType = "com.apple.product-type.framework";
		};
		7748DCB124AE702E00AC5095 /* SwiftyTV */ = {
			isa = PBXNativeTarget;
			buildConfigurationList = 7748DCC424AE703100AC5095 /* Build configuration list for PBXNativeTarget "SwiftyTV" */;
			buildPhases = (
				773A411324B3661C002E75CD /* Run SwiftLint */,
				7748DCAE24AE702E00AC5095 /* Sources */,
				7748DCAF24AE702E00AC5095 /* Frameworks */,
				7748DCB024AE702E00AC5095 /* Resources */,
				7748DCE124AE713500AC5095 /* Embed Frameworks */,
			);
			buildRules = (
			);
			dependencies = (
				7748DCDC24AE713500AC5095 /* PBXTargetDependency */,
				7748DCE024AE713500AC5095 /* PBXTargetDependency */,
			);
			name = SwiftyTV;
			productName = SwiftyTV;
			productReference = 7748DCB224AE702E00AC5095 /* SwiftyTV.app */;
			productType = "com.apple.product-type.application";
		};
/* End PBXNativeTarget section */

/* Begin PBXProject section */
		773FF94222C10278008D58E4 /* Project object */ = {
			isa = PBXProject;
			attributes = {
				CLASSPREFIX = ST;
				LastSwiftUpdateCheck = 1150;
				LastUpgradeCheck = 1100;
				ORGANIZATIONNAME = "Danylo Kostyshyn";
				TargetAttributes = {
					773FF94922C10278008D58E4 = {
						CreatedOnToolsVersion = 11.0;
						LastSwiftMigration = 1150;
					};
					774321A624AA37ED00777C0A = {
						CreatedOnToolsVersion = 11.5;
						LastSwiftMigration = 1150;
					};
					7748DC7324AE38EA00AC5095 = {
						CreatedOnToolsVersion = 11.5;
					};
					7748DCB124AE702E00AC5095 = {
						CreatedOnToolsVersion = 11.5;
					};
				};
			};
			buildConfigurationList = 773FF94522C10278008D58E4 /* Build configuration list for PBXProject "SwiftyTorrent" */;
			compatibilityVersion = "Xcode 9.3";
			developmentRegion = en;
			hasScannedForEncodings = 0;
			knownRegions = (
				en,
				Base,
			);
			mainGroup = 773FF94122C10278008D58E4;
			packageReferences = (
			);
			productRefGroup = 773FF94B22C10278008D58E4 /* Products */;
			projectDirPath = "";
			projectReferences = (
				{
					ProductGroup = 773FF97A22C10D06008D58E4 /* Products */;
					ProjectRef = 773FF97922C10D06008D58E4 /* libtorrent.xcodeproj */;
				},
			);
			projectRoot = "";
			targets = (
				773FF94922C10278008D58E4 /* SwiftyTorrent */,
				7748DCB124AE702E00AC5095 /* SwiftyTV */,
				774321A624AA37ED00777C0A /* TorrentKit */,
				7748DC7324AE38EA00AC5095 /* MediaKit */,
			);
		};
/* End PBXProject section */

/* Begin PBXReferenceProxy section */
		773FF97E22C10D06008D58E4 /* libtorrent.a */ = {
			isa = PBXReferenceProxy;
			fileType = archive.ar;
			path = libtorrent.a;
			remoteRef = 773FF97D22C10D06008D58E4 /* PBXContainerItemProxy */;
			sourceTree = BUILT_PRODUCTS_DIR;
		};
/* End PBXReferenceProxy section */

/* Begin PBXResourcesBuildPhase section */
		773FF94822C10278008D58E4 /* Resources */ = {
			isa = PBXResourcesBuildPhase;
			buildActionMask = 2147483647;
			files = (
				771B700622DA205D00132B5E /* uTorrent-320.png in Resources */,
				773FF95A22C10279008D58E4 /* LaunchScreen.storyboard in Resources */,
				773FF95422C10279008D58E4 /* Assets.xcassets in Resources */,
			);
			runOnlyForDeploymentPostprocessing = 0;
		};
		774321A524AA37ED00777C0A /* Resources */ = {
			isa = PBXResourcesBuildPhase;
			buildActionMask = 2147483647;
			files = (
				774321E024AA4E1D00777C0A /* ubuntu-19.04-live-server-amd64.iso.torrent in Resources */,
				774321DF24AA4E1D00777C0A /* ubuntu-18.04.2-live-server-amd64.iso.torrent in Resources */,
				774321DE24AA4E1D00777C0A /* ubuntu-16.04.6-server-amd64.iso.torrent in Resources */,
			);
			runOnlyForDeploymentPostprocessing = 0;
		};
		7748DC7224AE38EA00AC5095 /* Resources */ = {
			isa = PBXResourcesBuildPhase;
			buildActionMask = 2147483647;
			files = (
			);
			runOnlyForDeploymentPostprocessing = 0;
		};
		7748DCB024AE702E00AC5095 /* Resources */ = {
			isa = PBXResourcesBuildPhase;
			buildActionMask = 2147483647;
			files = (
				7748DCBF24AE703000AC5095 /* LaunchScreen.storyboard in Resources */,
			);
			runOnlyForDeploymentPostprocessing = 0;
		};
/* End PBXResourcesBuildPhase section */

/* Begin PBXShellScriptBuildPhase section */
		4D28A55B245D8DF200CBDC78 /* Run SwiftLint */ = {
			isa = PBXShellScriptBuildPhase;
			buildActionMask = 2147483647;
			files = (
			);
			inputFileListPaths = (
			);
			inputPaths = (
			);
			name = "Run SwiftLint";
			outputFileListPaths = (
			);
			outputPaths = (
			);
			runOnlyForDeploymentPostprocessing = 0;
			shellPath = /bin/sh;
			shellScript = "if which swiftlint >/dev/null; then\n  swiftlint\nelse\n  echo \"warning: SwiftLint not installed, download from https://github.com/realm/SwiftLint\"\nfi\n";
		};
		773A411324B3661C002E75CD /* Run SwiftLint */ = {
			isa = PBXShellScriptBuildPhase;
			buildActionMask = 2147483647;
			files = (
			);
			inputFileListPaths = (
			);
			inputPaths = (
			);
			name = "Run SwiftLint";
			outputFileListPaths = (
			);
			outputPaths = (
			);
			runOnlyForDeploymentPostprocessing = 0;
			shellPath = /bin/sh;
			shellScript = "if which swiftlint >/dev/null; then\n  swiftlint\nelse\n  echo \"warning: SwiftLint not installed, download from https://github.com/realm/SwiftLint\"\nfi\n";
		};
		7748DC8424AE3A4500AC5095 /* Carthage */ = {
			isa = PBXShellScriptBuildPhase;
			buildActionMask = 2147483647;
			files = (
			);
			inputFileListPaths = (
				"$(SRCROOT)/MediaKit/input.xcfilelist",
			);
			inputPaths = (
			);
			name = Carthage;
			outputFileListPaths = (
				"$(SRCROOT)/MediaKit/output.xcfilelist",
			);
			outputPaths = (
			);
			runOnlyForDeploymentPostprocessing = 0;
			shellPath = /bin/sh;
			shellScript = "/usr/local/bin/carthage copy-frameworks\n";
		};
/* End PBXShellScriptBuildPhase section */

/* Begin PBXSourcesBuildPhase section */
		773FF94622C10278008D58E4 /* Sources */ = {
			isa = PBXSourcesBuildPhase;
			buildActionMask = 2147483647;
			files = (
				773FF94E22C10278008D58E4 /* AppDelegate.swift in Sources */,
				774321E724AA705A00777C0A /* SearchViewModel.swift in Sources */,
				774321D624AA4A0E00777C0A /* File.swift in Sources */,
				773FF95022C10278008D58E4 /* SceneDelegate.swift in Sources */,
				77FC2AF422D896F100A544AA /* AppCoordinator.swift in Sources */,
				774321D724AA4A2300777C0A /* Torrent+Files.swift in Sources */,
				774321EB24AA9A7000777C0A /* EZTVDataProvider.swift in Sources */,
				7729BDB122D8B34D00D02566 /* TorrentsViewModel.swift in Sources */,
				7729BDB322D8B38300D02566 /* TorrentRowModel.swift in Sources */,
				774321E524AA5BBA00777C0A /* SearchView.swift in Sources */,
				772CEA0622DDFC38000CD2BD /* FilesView.swift in Sources */,
				7748DCA924AE3C9000AC5095 /* File+PreviewItem.swift in Sources */,
				773A410424AFB8F8002E75CD /* ListViewController.swift in Sources */,
				772CEA0822DDFC41000CD2BD /* FilesViewModel.swift in Sources */,
				774321ED24AB3C4600777C0A /* SearchBar.swift in Sources */,
				773A411824B3805C002E75CD /* ListCell.swift in Sources */,
				773A411624B37EED002E75CD /* UITableView+TypeSafe.swift in Sources */,
				77E4CA0824AB747500C21354 /* SearchRow.swift in Sources */,
				7748DCAB24AE4E1900AC5095 /* File+UTI.swift in Sources */,
				773A411A24B38087002E75CD /* ListViewModel.swift in Sources */,
				772CEA0A22DDFC47000CD2BD /* FileRow.swift in Sources */,
				774321E924AA9A0E00777C0A /* IMDBDataProvider.swift in Sources */,
				772CEA0C22DDFC4D000CD2BD /* FileRowModel.swift in Sources */,
				773A411C24B381B1002E75CD /* ViewModelConfigurable.swift in Sources */,
			);
			runOnlyForDeploymentPostprocessing = 0;
		};
		774321A324AA37ED00777C0A /* Sources */ = {
			isa = PBXSourcesBuildPhase;
			buildActionMask = 2147483647;
			files = (
				774321CC24AA495700777C0A /* TorrentState.swift in Sources */,
				774321C524AA495700777C0A /* NSData+Hex.m in Sources */,
				774321D124AA495700777C0A /* STTorrent.m in Sources */,
				774321CE24AA495700777C0A /* STTorrentFile.mm in Sources */,
				774321C824AA495700777C0A /* STTorrentManager.mm in Sources */,
				774321D024AA495700777C0A /* STMagnetURI.mm in Sources */,
				774321D224AA495700777C0A /* STFileEntry.m in Sources */,
			);
			runOnlyForDeploymentPostprocessing = 0;
		};
		7748DC7024AE38EA00AC5095 /* Sources */ = {
			isa = PBXSourcesBuildPhase;
			buildActionMask = 2147483647;
			files = (
				7748DCE324AE728700AC5095 /* PreviewItem.swift in Sources */,
				7748DCA624AE3C0500AC5095 /* QLViewHost.swift in Sources */,
				7748DC8124AE392100AC5095 /* VLCViewHost.swift in Sources */,
			);
			runOnlyForDeploymentPostprocessing = 0;
		};
		7748DCAE24AE702E00AC5095 /* Sources */ = {
			isa = PBXSourcesBuildPhase;
			buildActionMask = 2147483647;
			files = (
				7748DCCE24AE70A900AC5095 /* SearchViewModel.swift in Sources */,
				7748DCCD24AE70A900AC5095 /* SearchView.swift in Sources */,
				7748DCD424AE70A900AC5095 /* FilesView.swift in Sources */,
				7748DCC924AE70A900AC5095 /* File+UTI.swift in Sources */,
				7748DCCF24AE70A900AC5095 /* SearchRow.swift in Sources */,
				7748DCC524AE70A000AC5095 /* AppCoordinator.swift in Sources */,
				7748DCCA24AE70A900AC5095 /* IMDBDataProvider.swift in Sources */,
				7748DCD324AE70A900AC5095 /* TorrentRowModel.swift in Sources */,
				7748DCD124AE70A900AC5095 /* TorrentsViewModel.swift in Sources */,
				7748DCD624AE70A900AC5095 /* FileRow.swift in Sources */,
				7748DCEC24AF768700AC5095 /* SearchBarTV.swift in Sources */,
				7748DCC724AE70A900AC5095 /* File.swift in Sources */,
				7748DCD524AE70A900AC5095 /* FilesViewModel.swift in Sources */,
				7748DCC824AE70A900AC5095 /* File+PreviewItem.swift in Sources */,
				773A410524AFBF69002E75CD /* ListViewController.swift in Sources */,
				7748DCC624AE70A900AC5095 /* Torrent+Files.swift in Sources */,
				7748DCB524AE702E00AC5095 /* AppDelegate.swift in Sources */,
				7748DCCB24AE70A900AC5095 /* EZTVDataProvider.swift in Sources */,
				7748DCD724AE70A900AC5095 /* FileRowModel.swift in Sources */,
			);
			runOnlyForDeploymentPostprocessing = 0;
		};
/* End PBXSourcesBuildPhase section */

/* Begin PBXTargetDependency section */
		774321AD24AA37EE00777C0A /* PBXTargetDependency */ = {
			isa = PBXTargetDependency;
			target = 774321A624AA37ED00777C0A /* TorrentKit */;
			targetProxy = 774321AC24AA37EE00777C0A /* PBXContainerItemProxy */;
		};
		7748DC7A24AE38EA00AC5095 /* PBXTargetDependency */ = {
			isa = PBXTargetDependency;
			target = 7748DC7324AE38EA00AC5095 /* MediaKit */;
			targetProxy = 7748DC7924AE38EA00AC5095 /* PBXContainerItemProxy */;
		};
		7748DCDC24AE713500AC5095 /* PBXTargetDependency */ = {
			isa = PBXTargetDependency;
			target = 7748DC7324AE38EA00AC5095 /* MediaKit */;
			targetProxy = 7748DCDB24AE713500AC5095 /* PBXContainerItemProxy */;
		};
		7748DCE024AE713500AC5095 /* PBXTargetDependency */ = {
			isa = PBXTargetDependency;
			target = 774321A624AA37ED00777C0A /* TorrentKit */;
			targetProxy = 7748DCDF24AE713500AC5095 /* PBXContainerItemProxy */;
		};
/* End PBXTargetDependency section */

/* Begin PBXVariantGroup section */
		773FF95822C10279008D58E4 /* LaunchScreen.storyboard */ = {
			isa = PBXVariantGroup;
			children = (
				773FF95922C10279008D58E4 /* Base */,
			);
			name = LaunchScreen.storyboard;
			sourceTree = "<group>";
		};
		7748DCBD24AE703000AC5095 /* LaunchScreen.storyboard */ = {
			isa = PBXVariantGroup;
			children = (
				7748DCBE24AE703000AC5095 /* Base */,
			);
			name = LaunchScreen.storyboard;
			sourceTree = "<group>";
		};
/* End PBXVariantGroup section */

/* Begin XCBuildConfiguration section */
		773FF95C22C10279008D58E4 /* Debug */ = {
			isa = XCBuildConfiguration;
			buildSettings = {
				ALWAYS_SEARCH_USER_PATHS = NO;
				CLANG_ANALYZER_NONNULL = YES;
				CLANG_ANALYZER_NUMBER_OBJECT_CONVERSION = YES_AGGRESSIVE;
				CLANG_CXX_LANGUAGE_STANDARD = "gnu++14";
				CLANG_CXX_LIBRARY = "libc++";
				CLANG_ENABLE_MODULES = YES;
				CLANG_ENABLE_OBJC_ARC = YES;
				CLANG_ENABLE_OBJC_WEAK = YES;
				CLANG_WARN_BLOCK_CAPTURE_AUTORELEASING = YES;
				CLANG_WARN_BOOL_CONVERSION = YES;
				CLANG_WARN_COMMA = YES;
				CLANG_WARN_CONSTANT_CONVERSION = YES;
				CLANG_WARN_DEPRECATED_OBJC_IMPLEMENTATIONS = YES;
				CLANG_WARN_DIRECT_OBJC_ISA_USAGE = YES_ERROR;
				CLANG_WARN_DOCUMENTATION_COMMENTS = YES;
				CLANG_WARN_EMPTY_BODY = YES;
				CLANG_WARN_ENUM_CONVERSION = YES;
				CLANG_WARN_INFINITE_RECURSION = YES;
				CLANG_WARN_INT_CONVERSION = YES;
				CLANG_WARN_NON_LITERAL_NULL_CONVERSION = YES;
				CLANG_WARN_OBJC_IMPLICIT_RETAIN_SELF = YES;
				CLANG_WARN_OBJC_LITERAL_CONVERSION = YES;
				CLANG_WARN_OBJC_ROOT_CLASS = YES_ERROR;
				CLANG_WARN_RANGE_LOOP_ANALYSIS = YES;
				CLANG_WARN_STRICT_PROTOTYPES = YES;
				CLANG_WARN_SUSPICIOUS_MOVE = YES;
				CLANG_WARN_UNGUARDED_AVAILABILITY = YES_AGGRESSIVE;
				CLANG_WARN_UNREACHABLE_CODE = YES;
				CLANG_WARN__DUPLICATE_METHOD_MATCH = YES;
				COPY_PHASE_STRIP = NO;
				DEBUG_INFORMATION_FORMAT = dwarf;
				ENABLE_BITCODE = NO;
				ENABLE_STRICT_OBJC_MSGSEND = YES;
				ENABLE_TESTABILITY = YES;
				GCC_C_LANGUAGE_STANDARD = gnu11;
				GCC_DYNAMIC_NO_PIC = NO;
				GCC_NO_COMMON_BLOCKS = YES;
				GCC_OPTIMIZATION_LEVEL = 0;
				GCC_PREPROCESSOR_DEFINITIONS = (
					"DEBUG=1",
					"$(inherited)",
				);
				GCC_WARN_64_TO_32_BIT_CONVERSION = YES;
				GCC_WARN_ABOUT_RETURN_TYPE = YES_ERROR;
				GCC_WARN_UNDECLARED_SELECTOR = YES;
				GCC_WARN_UNINITIALIZED_AUTOS = YES_AGGRESSIVE;
				GCC_WARN_UNUSED_FUNCTION = YES;
				GCC_WARN_UNUSED_VARIABLE = YES;
				IPHONEOS_DEPLOYMENT_TARGET = 13.0;
				MTL_ENABLE_DEBUG_INFO = INCLUDE_SOURCE;
				MTL_FAST_MATH = YES;
				ONLY_ACTIVE_ARCH = YES;
				SDKROOT = iphoneos;
				SWIFT_ACTIVE_COMPILATION_CONDITIONS = DEBUG;
				SWIFT_OPTIMIZATION_LEVEL = "-Onone";
			};
			name = Debug;
		};
		773FF95D22C10279008D58E4 /* Release */ = {
			isa = XCBuildConfiguration;
			buildSettings = {
				ALWAYS_SEARCH_USER_PATHS = NO;
				CLANG_ANALYZER_NONNULL = YES;
				CLANG_ANALYZER_NUMBER_OBJECT_CONVERSION = YES_AGGRESSIVE;
				CLANG_CXX_LANGUAGE_STANDARD = "gnu++14";
				CLANG_CXX_LIBRARY = "libc++";
				CLANG_ENABLE_MODULES = YES;
				CLANG_ENABLE_OBJC_ARC = YES;
				CLANG_ENABLE_OBJC_WEAK = YES;
				CLANG_WARN_BLOCK_CAPTURE_AUTORELEASING = YES;
				CLANG_WARN_BOOL_CONVERSION = YES;
				CLANG_WARN_COMMA = YES;
				CLANG_WARN_CONSTANT_CONVERSION = YES;
				CLANG_WARN_DEPRECATED_OBJC_IMPLEMENTATIONS = YES;
				CLANG_WARN_DIRECT_OBJC_ISA_USAGE = YES_ERROR;
				CLANG_WARN_DOCUMENTATION_COMMENTS = YES;
				CLANG_WARN_EMPTY_BODY = YES;
				CLANG_WARN_ENUM_CONVERSION = YES;
				CLANG_WARN_INFINITE_RECURSION = YES;
				CLANG_WARN_INT_CONVERSION = YES;
				CLANG_WARN_NON_LITERAL_NULL_CONVERSION = YES;
				CLANG_WARN_OBJC_IMPLICIT_RETAIN_SELF = YES;
				CLANG_WARN_OBJC_LITERAL_CONVERSION = YES;
				CLANG_WARN_OBJC_ROOT_CLASS = YES_ERROR;
				CLANG_WARN_RANGE_LOOP_ANALYSIS = YES;
				CLANG_WARN_STRICT_PROTOTYPES = YES;
				CLANG_WARN_SUSPICIOUS_MOVE = YES;
				CLANG_WARN_UNGUARDED_AVAILABILITY = YES_AGGRESSIVE;
				CLANG_WARN_UNREACHABLE_CODE = YES;
				CLANG_WARN__DUPLICATE_METHOD_MATCH = YES;
				COPY_PHASE_STRIP = NO;
				DEBUG_INFORMATION_FORMAT = "dwarf-with-dsym";
				ENABLE_BITCODE = NO;
				ENABLE_NS_ASSERTIONS = NO;
				ENABLE_STRICT_OBJC_MSGSEND = YES;
				GCC_C_LANGUAGE_STANDARD = gnu11;
				GCC_NO_COMMON_BLOCKS = YES;
				GCC_WARN_64_TO_32_BIT_CONVERSION = YES;
				GCC_WARN_ABOUT_RETURN_TYPE = YES_ERROR;
				GCC_WARN_UNDECLARED_SELECTOR = YES;
				GCC_WARN_UNINITIALIZED_AUTOS = YES_AGGRESSIVE;
				GCC_WARN_UNUSED_FUNCTION = YES;
				GCC_WARN_UNUSED_VARIABLE = YES;
				IPHONEOS_DEPLOYMENT_TARGET = 13.0;
				MTL_ENABLE_DEBUG_INFO = NO;
				MTL_FAST_MATH = YES;
				SDKROOT = iphoneos;
				SWIFT_COMPILATION_MODE = wholemodule;
				SWIFT_OPTIMIZATION_LEVEL = "-O";
				VALIDATE_PRODUCT = YES;
			};
			name = Release;
		};
		773FF95F22C10279008D58E4 /* Debug */ = {
			isa = XCBuildConfiguration;
			buildSettings = {
				ALWAYS_EMBED_SWIFT_STANDARD_LIBRARIES = YES;
				ASSETCATALOG_COMPILER_APPICON_NAME = AppIcon;
				CLANG_ENABLE_MODULES = YES;
				CODE_SIGN_STYLE = Automatic;
				DEVELOPMENT_TEAM = DBR2MMCRF5;
				INFOPLIST_FILE = SwiftyTorrent/Info.plist;
				IPHONEOS_DEPLOYMENT_TARGET = 13.0;
				LD_RUNPATH_SEARCH_PATHS = (
					"$(inherited)",
					"@executable_path/Frameworks",
				);
				PRODUCT_BUNDLE_IDENTIFIER = org.kostyshyn.SwiftyTorrent;
				PRODUCT_NAME = "$(TARGET_NAME)";
				SWIFT_OPTIMIZATION_LEVEL = "-Onone";
				SWIFT_VERSION = 5.0;
				TARGETED_DEVICE_FAMILY = "1,2";
			};
			name = Debug;
		};
		773FF96022C10279008D58E4 /* Release */ = {
			isa = XCBuildConfiguration;
			buildSettings = {
				ALWAYS_EMBED_SWIFT_STANDARD_LIBRARIES = YES;
				ASSETCATALOG_COMPILER_APPICON_NAME = AppIcon;
				CLANG_ENABLE_MODULES = YES;
				CODE_SIGN_STYLE = Automatic;
				DEVELOPMENT_TEAM = DBR2MMCRF5;
				INFOPLIST_FILE = SwiftyTorrent/Info.plist;
				IPHONEOS_DEPLOYMENT_TARGET = 13.0;
				LD_RUNPATH_SEARCH_PATHS = (
					"$(inherited)",
					"@executable_path/Frameworks",
				);
				PRODUCT_BUNDLE_IDENTIFIER = org.kostyshyn.SwiftyTorrent;
				PRODUCT_NAME = "$(TARGET_NAME)";
				SWIFT_VERSION = 5.0;
				TARGETED_DEVICE_FAMILY = "1,2";
			};
			name = Release;
		};
		774321B124AA37EE00777C0A /* Debug */ = {
			isa = XCBuildConfiguration;
			buildSettings = {
				CLANG_ENABLE_MODULES = YES;
				CODE_SIGN_STYLE = Automatic;
				CURRENT_PROJECT_VERSION = 1;
				DEFINES_MODULE = YES;
				DEVELOPMENT_TEAM = DBR2MMCRF5;
				DYLIB_COMPATIBILITY_VERSION = 1;
				DYLIB_CURRENT_VERSION = 1;
				DYLIB_INSTALL_NAME_BASE = "@rpath";
				HEADER_SEARCH_PATHS = (
					"$(SRCROOT)/Thirdparties/boost/src",
					"$(SRCROOT)/Thirdparties/libtorrent/src/include",
				);
				INFOPLIST_FILE = TorrentKit/Info.plist;
				INSTALL_PATH = "$(LOCAL_LIBRARY_DIR)/Frameworks";
				IPHONEOS_DEPLOYMENT_TARGET = 13.0;
				LD_RUNPATH_SEARCH_PATHS = (
					"$(inherited)",
					"@executable_path/Frameworks",
					"@loader_path/Frameworks",
				);
				PRODUCT_BUNDLE_IDENTIFIER = org.kostyshyn.TorrentKit;
				PRODUCT_NAME = "$(TARGET_NAME:c99extidentifier)";
				SDKROOT = iphoneos;
				SKIP_INSTALL = YES;
				SUPPORTED_PLATFORMS = "iphonesimulator iphoneos appletvsimulator appletvos";
				SWIFT_OPTIMIZATION_LEVEL = "-Onone";
				SWIFT_VERSION = 5.0;
				TARGETED_DEVICE_FAMILY = "1,2,3";
				VERSIONING_SYSTEM = "apple-generic";
				VERSION_INFO_PREFIX = "";
			};
			name = Debug;
		};
		774321B224AA37EE00777C0A /* Release */ = {
			isa = XCBuildConfiguration;
			buildSettings = {
				CLANG_ENABLE_MODULES = YES;
				CODE_SIGN_STYLE = Automatic;
				CURRENT_PROJECT_VERSION = 1;
				DEFINES_MODULE = YES;
				DEVELOPMENT_TEAM = DBR2MMCRF5;
				DYLIB_COMPATIBILITY_VERSION = 1;
				DYLIB_CURRENT_VERSION = 1;
				DYLIB_INSTALL_NAME_BASE = "@rpath";
				HEADER_SEARCH_PATHS = (
					"$(SRCROOT)/Thirdparties/boost/src",
					"$(SRCROOT)/Thirdparties/libtorrent/src/include",
				);
				INFOPLIST_FILE = TorrentKit/Info.plist;
				INSTALL_PATH = "$(LOCAL_LIBRARY_DIR)/Frameworks";
				IPHONEOS_DEPLOYMENT_TARGET = 13.0;
				LD_RUNPATH_SEARCH_PATHS = (
					"$(inherited)",
					"@executable_path/Frameworks",
					"@loader_path/Frameworks",
				);
				PRODUCT_BUNDLE_IDENTIFIER = org.kostyshyn.TorrentKit;
				PRODUCT_NAME = "$(TARGET_NAME:c99extidentifier)";
				SDKROOT = iphoneos;
				SKIP_INSTALL = YES;
				SUPPORTED_PLATFORMS = "iphonesimulator iphoneos appletvsimulator appletvos";
				SWIFT_VERSION = 5.0;
				TARGETED_DEVICE_FAMILY = "1,2,3";
				VERSIONING_SYSTEM = "apple-generic";
				VERSION_INFO_PREFIX = "";
			};
			name = Release;
		};
		7748DC7D24AE38EA00AC5095 /* Debug */ = {
			isa = XCBuildConfiguration;
			buildSettings = {
				CODE_SIGN_STYLE = Automatic;
				CURRENT_PROJECT_VERSION = 1;
				DEFINES_MODULE = YES;
				DEVELOPMENT_TEAM = DBR2MMCRF5;
				DYLIB_COMPATIBILITY_VERSION = 1;
				DYLIB_CURRENT_VERSION = 1;
				DYLIB_INSTALL_NAME_BASE = "@rpath";
				"FRAMEWORK_SEARCH_PATHS[sdk=appletvos*]" = "$(SRCROOT)/Carthage/Build/tvOS";
				"FRAMEWORK_SEARCH_PATHS[sdk=appletvsimulator*]" = "$(SRCROOT)/Carthage/Build/tvOS";
				"FRAMEWORK_SEARCH_PATHS[sdk=iphoneos*]" = "$(SRCROOT)/Carthage/Build/iOS";
				"FRAMEWORK_SEARCH_PATHS[sdk=iphonesimulator*]" = "$(SRCROOT)/Carthage/Build/iOS";
				INFOPLIST_FILE = MediaKit/Info.plist;
				INSTALL_PATH = "$(LOCAL_LIBRARY_DIR)/Frameworks";
				IPHONEOS_DEPLOYMENT_TARGET = 13.0;
				LD_RUNPATH_SEARCH_PATHS = (
					"$(inherited)",
					"@executable_path/Frameworks",
					"@loader_path/Frameworks",
				);
				PRODUCT_BUNDLE_IDENTIFIER = org.kostyshyn.MediaKit;
				PRODUCT_NAME = "$(TARGET_NAME:c99extidentifier)";
				SKIP_INSTALL = YES;
				SUPPORTED_PLATFORMS = "iphonesimulator iphoneos appletvsimulator appletvos";
				SWIFT_VERSION = 5.0;
				TARGETED_DEVICE_FAMILY = "1,2,3";
				VERSIONING_SYSTEM = "apple-generic";
				VERSION_INFO_PREFIX = "";
			};
			name = Debug;
		};
		7748DC7E24AE38EA00AC5095 /* Release */ = {
			isa = XCBuildConfiguration;
			buildSettings = {
				CODE_SIGN_STYLE = Automatic;
				CURRENT_PROJECT_VERSION = 1;
				DEFINES_MODULE = YES;
				DEVELOPMENT_TEAM = DBR2MMCRF5;
				DYLIB_COMPATIBILITY_VERSION = 1;
				DYLIB_CURRENT_VERSION = 1;
				DYLIB_INSTALL_NAME_BASE = "@rpath";
				INFOPLIST_FILE = MediaKit/Info.plist;
				INSTALL_PATH = "$(LOCAL_LIBRARY_DIR)/Frameworks";
				IPHONEOS_DEPLOYMENT_TARGET = 13.0;
				LD_RUNPATH_SEARCH_PATHS = (
					"$(inherited)",
					"@executable_path/Frameworks",
					"@loader_path/Frameworks",
				);
				PRODUCT_BUNDLE_IDENTIFIER = org.kostyshyn.MediaKit;
				PRODUCT_NAME = "$(TARGET_NAME:c99extidentifier)";
				SKIP_INSTALL = YES;
				SUPPORTED_PLATFORMS = "iphonesimulator iphoneos appletvsimulator appletvos";
				SWIFT_VERSION = 5.0;
				TARGETED_DEVICE_FAMILY = "1,2,3";
				VERSIONING_SYSTEM = "apple-generic";
				VERSION_INFO_PREFIX = "";
			};
			name = Release;
		};
		7748DCC124AE703000AC5095 /* Debug */ = {
			isa = XCBuildConfiguration;
			buildSettings = {
				CODE_SIGN_STYLE = Automatic;
				DEVELOPMENT_TEAM = DBR2MMCRF5;
				INFOPLIST_FILE = SwiftyTV/Info.plist;
				LD_RUNPATH_SEARCH_PATHS = (
					"$(inherited)",
					"@executable_path/Frameworks",
				);
				PRODUCT_BUNDLE_IDENTIFIER = org.kostyshyn.SwiftyTV;
				PRODUCT_NAME = "$(TARGET_NAME)";
				SDKROOT = appletvos;
				SWIFT_VERSION = 5.0;
				TARGETED_DEVICE_FAMILY = 3;
				TVOS_DEPLOYMENT_TARGET = 13.4;
			};
			name = Debug;
		};
		7748DCC224AE703000AC5095 /* Release */ = {
			isa = XCBuildConfiguration;
			buildSettings = {
				CODE_SIGN_STYLE = Automatic;
				DEVELOPMENT_TEAM = DBR2MMCRF5;
				INFOPLIST_FILE = SwiftyTV/Info.plist;
				LD_RUNPATH_SEARCH_PATHS = (
					"$(inherited)",
					"@executable_path/Frameworks",
				);
				PRODUCT_BUNDLE_IDENTIFIER = org.kostyshyn.SwiftyTV;
				PRODUCT_NAME = "$(TARGET_NAME)";
				SDKROOT = appletvos;
				SWIFT_VERSION = 5.0;
				TARGETED_DEVICE_FAMILY = 3;
				TVOS_DEPLOYMENT_TARGET = 13.4;
			};
			name = Release;
		};
/* End XCBuildConfiguration section */

/* Begin XCConfigurationList section */
		773FF94522C10278008D58E4 /* Build configuration list for PBXProject "SwiftyTorrent" */ = {
			isa = XCConfigurationList;
			buildConfigurations = (
				773FF95C22C10279008D58E4 /* Debug */,
				773FF95D22C10279008D58E4 /* Release */,
			);
			defaultConfigurationIsVisible = 0;
			defaultConfigurationName = Release;
		};
		773FF95E22C10279008D58E4 /* Build configuration list for PBXNativeTarget "SwiftyTorrent" */ = {
			isa = XCConfigurationList;
			buildConfigurations = (
				773FF95F22C10279008D58E4 /* Debug */,
				773FF96022C10279008D58E4 /* Release */,
			);
			defaultConfigurationIsVisible = 0;
			defaultConfigurationName = Release;
		};
		774321B324AA37EE00777C0A /* Build configuration list for PBXNativeTarget "TorrentKit" */ = {
			isa = XCConfigurationList;
			buildConfigurations = (
				774321B124AA37EE00777C0A /* Debug */,
				774321B224AA37EE00777C0A /* Release */,
			);
			defaultConfigurationIsVisible = 0;
			defaultConfigurationName = Release;
		};
		7748DC8024AE38EA00AC5095 /* Build configuration list for PBXNativeTarget "MediaKit" */ = {
			isa = XCConfigurationList;
			buildConfigurations = (
				7748DC7D24AE38EA00AC5095 /* Debug */,
				7748DC7E24AE38EA00AC5095 /* Release */,
			);
			defaultConfigurationIsVisible = 0;
			defaultConfigurationName = Release;
		};
		7748DCC424AE703100AC5095 /* Build configuration list for PBXNativeTarget "SwiftyTV" */ = {
			isa = XCConfigurationList;
			buildConfigurations = (
				7748DCC124AE703000AC5095 /* Debug */,
				7748DCC224AE703000AC5095 /* Release */,
			);
			defaultConfigurationIsVisible = 0;
			defaultConfigurationName = Release;
		};
/* End XCConfigurationList section */
	};
	rootObject = 773FF94222C10278008D58E4 /* Project object */;
}
